{
  "lockfileVersion": 1,
  "workspaces": {
    "": {
      "name": "guardient-sdk",
      "devDependencies": {
        "@types/bun": "latest",
        "bunup": "^0.4.72",
        "javascript-obfuscator": "^4.1.1",
        "typescript": "^5",
      },
    },
  },
  "packages": {
    "@emnapi/core": ["@emnapi/core@1.4.3", "", { "dependencies": { "@emnapi/wasi-threads": "1.0.2", "tslib": "^2.4.0" } }, "sha512-4m62DuCE07lw01soJwPiBGC0nAww0Q+RY70VZ+n49yDIO13yyinhbWCeNnaob0lakDtWQzSdtNWzJeOJt2ma+g=="],

    "@emnapi/runtime": ["@emnapi/runtime@1.4.3", "", { "dependencies": { "tslib": "^2.4.0" } }, "sha512-pBPWdu6MLKROBX05wSNKcNb++m5Er+KQ9QkB+WVM+pW2Kx9hoSrVTnu3BdkI5eBLZoKu/J6mW/B6i6bJB2ytXQ=="],

    "@emnapi/wasi-threads": ["@emnapi/wasi-threads@1.0.2", "", { "dependencies": { "tslib": "^2.4.0" } }, "sha512-5n3nTJblwRi8LlXkJ9eBzu+kZR8Yxcc7ubakyQTFzPMtIhFpUBRbsnc2Dv88IZDIbCDlBiWrknhB4Lsz7mg6BA=="],

    "@javascript-obfuscator/escodegen": ["@javascript-obfuscator/escodegen@2.3.0", "", { "dependencies": { "@javascript-obfuscator/estraverse": "^5.3.0", "esprima": "^4.0.1", "esutils": "^2.0.2", "optionator": "^0.8.1" }, "optionalDependencies": { "source-map": "~0.6.1" } }, "sha512-QVXwMIKqYMl3KwtTirYIA6gOCiJ0ZDtptXqAv/8KWLG9uQU2fZqTVy7a/A5RvcoZhbDoFfveTxuGxJ5ibzQtkw=="],

    "@javascript-obfuscator/estraverse": ["@javascript-obfuscator/estraverse@5.4.0", "", {}, "sha512-CZFX7UZVN9VopGbjTx4UXaXsi9ewoM1buL0kY7j1ftYdSs7p2spv9opxFjHlQ/QGTgh4UqufYqJJ0WKLml7b6w=="],

    "@jridgewell/sourcemap-codec": ["@jridgewell/sourcemap-codec@1.5.0", "", {}, "sha512-gv3ZRaISU3fjPAgNsriBRqGWQL6quFx04YMPW/zD8XMLsU32mhCCbfbO6KZFLjvYpCZ8zyDEgqsgf+PwPaM7GQ=="],

    "@napi-rs/wasm-runtime": ["@napi-rs/wasm-runtime@0.2.9", "", { "dependencies": { "@emnapi/core": "^1.4.0", "@emnapi/runtime": "^1.4.0", "@tybys/wasm-util": "^0.9.0" } }, "sha512-OKRBiajrrxB9ATokgEQoG87Z25c67pCpYcCwmXYX8PBftC9pBfN18gnm/fh1wurSLEKIAt+QRFLFCQISrb66Jg=="],

    "@oxc-parser/binding-darwin-arm64": ["@oxc-parser/binding-darwin-arm64@0.64.0", "", { "os": "darwin", "cpu": "arm64" }, "sha512-FfmLZWrt5rsG+wzruv0xfYci1fE/GQ/HnUCmB+j3keU4SfDxkxSIGUTphxdcE8S4ISoLelgeVZiE8QDGRhmSoQ=="],

    "@oxc-parser/binding-darwin-x64": ["@oxc-parser/binding-darwin-x64@0.64.0", "", { "os": "darwin", "cpu": "x64" }, "sha512-FFbtYNdlRw6d/KcfSxqOAJAI4evijC+i+PHQkpB8JJGr+mPzQEPKwVa8vh2Qe/lcspaQs6IrR2GRpJ+5UvciRw=="],

    "@oxc-parser/binding-linux-arm-gnueabihf": ["@oxc-parser/binding-linux-arm-gnueabihf@0.64.0", "", { "os": "linux", "cpu": "arm" }, "sha512-u113yYpeTW0rQBp6Lld2PvdEMzVQmTq8n2T4WDb7UNGQFCMzoURCKgahkIZCStph4+zHAFU5uKwG5waQaswCyw=="],

    "@oxc-parser/binding-linux-arm64-gnu": ["@oxc-parser/binding-linux-arm64-gnu@0.64.0", "", { "os": "linux", "cpu": "arm64" }, "sha512-cqWgdJcXJ2u2Rcjd/+4mY10DPISZtKosgyL7eMZwZdCNJD8q2ohS57pk6IbCmopF55QAh9/Py8rajblKbFCJBg=="],

    "@oxc-parser/binding-linux-arm64-musl": ["@oxc-parser/binding-linux-arm64-musl@0.64.0", "", { "os": "linux", "cpu": "arm64" }, "sha512-b7Ma+CDlkK+UIU/Zr8Ydo+q3A9ouWUhV8PzWcnfOxiOwK+JEaoz5N02ixAPK8qvO+IKqzP00HzxPD8tUto8GcA=="],

    "@oxc-parser/binding-linux-x64-gnu": ["@oxc-parser/binding-linux-x64-gnu@0.64.0", "", { "os": "linux", "cpu": "x64" }, "sha512-7o/qfZNZ0kt1o5vtqUz6nQkV6tuCGor4+gOmqtrb2TtnAo3qxYwPXZVjd9LKv39Z+Nfpqz/2cnR+GIqUNqv34A=="],

    "@oxc-parser/binding-linux-x64-musl": ["@oxc-parser/binding-linux-x64-musl@0.64.0", "", { "os": "linux", "cpu": "x64" }, "sha512-nuL0rqoWgvO11pP7g5FYdTDsjX93mt8ZFtUaOL4HMVkvRAx3XiKltJBYXXWiI2kySbHRC/XHJftAKWEgGhcXgg=="],

    "@oxc-parser/binding-wasm32-wasi": ["@oxc-parser/binding-wasm32-wasi@0.64.0", "", { "dependencies": { "@napi-rs/wasm-runtime": "^0.2.9" }, "cpu": "none" }, "sha512-iZ5LeOPDo0gCISzcq1JKo3HGqXwuQDTgHVPBUs+UFdCL9WJ9DmNkXXQPLVYEyyI/YFXg15y7Rv2L+FEvpvYa+w=="],

    "@oxc-parser/binding-win32-arm64-msvc": ["@oxc-parser/binding-win32-arm64-msvc@0.64.0", "", { "os": "win32", "cpu": "arm64" }, "sha512-9kWLwYOT9sCVrFL3Egpt4+viAYtYOwmstGoy/CPikC0fxEpB760qln8u+MfZpbrH0Df2XgEdAUTqiwnRwcp+uA=="],

    "@oxc-parser/binding-win32-x64-msvc": ["@oxc-parser/binding-win32-x64-msvc@0.64.0", "", { "os": "win32", "cpu": "x64" }, "sha512-EHQglaBx4LpNw9BMA65aM36isTpuAdWxGbAUH7w55GYIGjVG7hIsMx/MuOrJXsmOBVmRokoYNYLN7X5aTd5TmQ=="],

    "@oxc-project/types": ["@oxc-project/types@0.61.2", "", {}, "sha512-rfuwJwvwn9MRthHNXlSo9Eka/u7gC0MhnWAoX3BhE1+rwPOl22nq0K0Y997Hof0tHCOuD7H3/Z8HTfCVhB4c5Q=="],

    "@oxc-resolver/binding-darwin-arm64": ["@oxc-resolver/binding-darwin-arm64@5.3.0", "", { "os": "darwin", "cpu": "arm64" }, "sha512-hXem5ZAguS7IlSiHg/LK0tEfLj4eUo+9U6DaFwwBEGd0L0VIF9LmuiHydRyOrdnnmi9iAAFMAn/wl2cUoiuruA=="],

    "@oxc-resolver/binding-darwin-x64": ["@oxc-resolver/binding-darwin-x64@5.3.0", "", { "os": "darwin", "cpu": "x64" }, "sha512-wgSwfsZkRbuYCIBLxeg1bYrtKnirAy+IJF0lwfz4z08clgdNBDbfGECJe/cd0csIZPpRcvPFe8317yf31sWhtA=="],

    "@oxc-resolver/binding-freebsd-x64": ["@oxc-resolver/binding-freebsd-x64@5.3.0", "", { "os": "freebsd", "cpu": "x64" }, "sha512-kzeE2WHgcRMmWjB071RdwEV5Pwke4o0WWslCKoh8if1puvxIxfzu3o7g6P2+v77BP5qop4cri+uvLABSO0WZjg=="],

    "@oxc-resolver/binding-linux-arm-gnueabihf": ["@oxc-resolver/binding-linux-arm-gnueabihf@5.3.0", "", { "os": "linux", "cpu": "arm" }, "sha512-I8np34yZP/XfIkZNDbw3rweqVgfjmHYpNX3xnJZWg+f4mgO9/UNWBwetSaqXeDZqvIch/aHak+q4HVrQhQKCqg=="],

    "@oxc-resolver/binding-linux-arm64-gnu": ["@oxc-resolver/binding-linux-arm64-gnu@5.3.0", "", { "os": "linux", "cpu": "arm64" }, "sha512-u2ndfeEUrW898eXM+qPxIN8TvTPjI90NDQBRgaxxkOfNw3xaotloeiZGz5+Yzlfxgvxr9DY9FdYkqhUhSnGhOw=="],

    "@oxc-resolver/binding-linux-arm64-musl": ["@oxc-resolver/binding-linux-arm64-musl@5.3.0", "", { "os": "linux", "cpu": "arm64" }, "sha512-TzbjmFkcnESGuVItQ2diKacX8vu5G0bH3BHmIlmY4OSRLyoAlrJFwGKAHmh6C9+Amfcjo2rx8vdm7swzmsGC6Q=="],

    "@oxc-resolver/binding-linux-riscv64-gnu": ["@oxc-resolver/binding-linux-riscv64-gnu@5.3.0", "", { "os": "linux", "cpu": "none" }, "sha512-NH3pjAqh8nuN29iRuRfTY42Vn03ctoR9VE8llfoUKUfhHUjFHYOXK5VSkhjj1usG8AeuesvqrQnLptCRQVTi/Q=="],

    "@oxc-resolver/binding-linux-s390x-gnu": ["@oxc-resolver/binding-linux-s390x-gnu@5.3.0", "", { "os": "linux", "cpu": "s390x" }, "sha512-tuZtkK9sJYh2MC2uhol1M/8IMTB6ZQ5jmqP2+k5XNXnOb/im94Y5uV/u2lXwVyIuKHZZHtr+0d1HrOiNahoKpw=="],

    "@oxc-resolver/binding-linux-x64-gnu": ["@oxc-resolver/binding-linux-x64-gnu@5.3.0", "", { "os": "linux", "cpu": "x64" }, "sha512-VzhPYmZCtoES/ThcPdGSmMop7JlwgqtSvlgtKCW15ByV2JKyl8kHAHnPSBfpIooXb0ehFnRdxFtL9qtAEWy01g=="],

    "@oxc-resolver/binding-linux-x64-musl": ["@oxc-resolver/binding-linux-x64-musl@5.3.0", "", { "os": "linux", "cpu": "x64" }, "sha512-Hi39cWzul24rGljN4Vf1lxjXzQdCrdxO5oCT7KJP4ndSlqIUODJnfnMAP1YhcnIRvNvk+5E6sZtnEmFUd/4d8Q=="],

    "@oxc-resolver/binding-wasm32-wasi": ["@oxc-resolver/binding-wasm32-wasi@5.3.0", "", { "dependencies": { "@napi-rs/wasm-runtime": "^0.2.9" }, "cpu": "none" }, "sha512-ddujvHhP3chmHnSXRlkPVUeYj4/B7eLZwL4yUid+df3WCbVh6DgoT9RmllZn21AhxgKtMdekDdyVJYKFd8tl4A=="],

    "@oxc-resolver/binding-win32-arm64-msvc": ["@oxc-resolver/binding-win32-arm64-msvc@5.3.0", "", { "os": "win32", "cpu": "arm64" }, "sha512-j1YYPLvUkMVNKmIFQZZJ7q6Do4cI3htUnyxNLwDSBVhSohvPIK2VG+IdtOAlWZGa7v+phEZsHfNbXVwB0oPYFQ=="],

    "@oxc-resolver/binding-win32-x64-msvc": ["@oxc-resolver/binding-win32-x64-msvc@5.3.0", "", { "os": "win32", "cpu": "x64" }, "sha512-LT9eOPPUqfZscQRd5mc08RBeDWOQf+dnOrKnanMallTGPe6g7+rcAlFTA8SWoJbcD45PV8yArFtCmSQSpzHZmg=="],

    "@oxc-transform/binding-darwin-arm64": ["@oxc-transform/binding-darwin-arm64@0.58.1", "", { "os": "darwin", "cpu": "arm64" }, "sha512-iOTmbTaYMrx61Vxh9uvl9PGileR/d98NuaESOVB5FFrN4rcqFs5rGLiRqQm8T87GCCGXyfP3S44glprVS3s/0A=="],

    "@oxc-transform/binding-darwin-x64": ["@oxc-transform/binding-darwin-x64@0.58.1", "", { "os": "darwin", "cpu": "x64" }, "sha512-NdsVLQTw8FJe0Bb0i6Nj7Rtem+vo3ABnHcn08wA8l9mDMZKlrIHWwH6HY9g8P4qvE1jJ1HA/IkqtPU5PQfgv0A=="],

    "@oxc-transform/binding-linux-arm-gnueabihf": ["@oxc-transform/binding-linux-arm-gnueabihf@0.58.1", "", { "os": "linux", "cpu": "arm" }, "sha512-BxL5IBfid1Xp+bSEgELAvq+e/Zfd60tV/0nSaTwXgEAnAvOU8abrAPuiXpciZKNBGZ8R6W2Iy/yDUeiF/IBFiA=="],

    "@oxc-transform/binding-linux-arm64-gnu": ["@oxc-transform/binding-linux-arm64-gnu@0.58.1", "", { "os": "linux", "cpu": "arm64" }, "sha512-HwA3Gsitz/LL+DkPgpHAc6sANTSnInmlq76MV3zf0tw5iMs9kLiQ2W61dM+D9NNwfHvrY3O0uyLR965R/vW11A=="],

    "@oxc-transform/binding-linux-arm64-musl": ["@oxc-transform/binding-linux-arm64-musl@0.58.1", "", { "os": "linux", "cpu": "arm64" }, "sha512-wUkArdXty35Yzl2qc9ECoFOujzMj/XZ0HEZoSAhdw/NkS4CjowNgV06tUvUesmwG3NV8p37hJdT+M7r3u+zH8Q=="],

    "@oxc-transform/binding-linux-x64-gnu": ["@oxc-transform/binding-linux-x64-gnu@0.58.1", "", { "os": "linux", "cpu": "x64" }, "sha512-ED/4ZLRP59TOFsfJ60LEFa7RWKVm8aC+L/0IwDtckNlixk06jy4YyH56RGifJPd6Li2sTaLE0VOVgkJ2cgWEig=="],

    "@oxc-transform/binding-linux-x64-musl": ["@oxc-transform/binding-linux-x64-musl@0.58.1", "", { "os": "linux", "cpu": "x64" }, "sha512-xdlYvnkxe8QL7oWsmir4bZNNwPWMKy8twCLB5UG5rM4/COOhl3APuW1oRDFghhF/0kJHaCYT0KdVtOchFKIHAg=="],

    "@oxc-transform/binding-wasm32-wasi": ["@oxc-transform/binding-wasm32-wasi@0.58.1", "", { "dependencies": { "@napi-rs/wasm-runtime": "^0.2.7" }, "cpu": "none" }, "sha512-rD+riAK0v3MHIFyUo6+xqDEOi/MHVknNaJxWeWuyahn+ZGQC3jBOG0dGVq3x+px8DBqvlfihiDs3tkIDnc6BJQ=="],

    "@oxc-transform/binding-win32-arm64-msvc": ["@oxc-transform/binding-win32-arm64-msvc@0.58.1", "", { "os": "win32", "cpu": "arm64" }, "sha512-jrCOvmabG9TVV/OvO7M3WSXkBX4aZ8RjOwsZEWcMiKeybmUr8E8XHx0YdwzL1M8MSKpdctoHPv1nz3SqM7uo6Q=="],

    "@oxc-transform/binding-win32-x64-msvc": ["@oxc-transform/binding-win32-x64-msvc@0.58.1", "", { "os": "win32", "cpu": "x64" }, "sha512-612E4VNg9wK5cpGjaHjdW+aD3b1w80lps6rsFEsWejGB5nF5OkXS8uZxS1iQE/16JUoFNUcH+3yyqQP7ljdOuA=="],

    "@rolldown/binding-darwin-arm64": ["@rolldown/binding-darwin-arm64@1.0.0-beta.7", "", { "os": "darwin", "cpu": "arm64" }, "sha512-spVRMdG9NotVYfrc94W8zMKEqLFbxm/dzkBjTfKzXMqhyBryo1lwZ14o8xFb3lM/ON/ZUT7laR9y+r6SIUtFrg=="],

    "@rolldown/binding-darwin-x64": ["@rolldown/binding-darwin-x64@1.0.0-beta.7", "", { "os": "darwin", "cpu": "x64" }, "sha512-6d6PicpBNLWJUyGO1b87QOBtQuqL1X9qVugi+kyGcChxW2bL87/CIBAJDu1g3mM62xSzxUitGa2YWRMhMJu2OA=="],

    "@rolldown/binding-freebsd-x64": ["@rolldown/binding-freebsd-x64@1.0.0-beta.7", "", { "os": "freebsd", "cpu": "x64" }, "sha512-RCKUAMUr1+F1wDSUmWUoGimCNAoQ9km5SRIEhrTlCOXe4wv+rY4o07cTaBjehBm+GtT+u0r36SW2gOmikivj9Q=="],

    "@rolldown/binding-linux-arm-gnueabihf": ["@rolldown/binding-linux-arm-gnueabihf@1.0.0-beta.7", "", { "os": "linux", "cpu": "arm" }, "sha512-SRGp4RaUC2oFZTDtLSRePWWE5F4C5vrlsr/a3+/mBlBVUdSrB7341hqAEcezW3YYHQOT/j9CPXu2NULENSywwQ=="],

    "@rolldown/binding-linux-arm64-gnu": ["@rolldown/binding-linux-arm64-gnu@1.0.0-beta.7", "", { "os": "linux", "cpu": "arm64" }, "sha512-q6Szr5o54lJWir2uYxwxDoOUdSCrA2Nb8sKqQRnJHP9985o0uxeq85LKvMubFRgTKq9Q71ZZPrZBs7pwr4ji1Q=="],

    "@rolldown/binding-linux-arm64-musl": ["@rolldown/binding-linux-arm64-musl@1.0.0-beta.7", "", { "os": "linux", "cpu": "arm64" }, "sha512-MiEE4ReEw7jdxKE8eKTdt3z7N1sucgSb1J0BUY3Dd8YKLjh2jNYHhJu13/tCo2DBMZxT+FDJE3WJ5kCxZA7+YA=="],

    "@rolldown/binding-linux-x64-gnu": ["@rolldown/binding-linux-x64-gnu@1.0.0-beta.7", "", { "os": "linux", "cpu": "x64" }, "sha512-2yDNUKQidgcZr/VSJCUy9IGvtcF/GfBEBrCsqvSkVKMNLNySICvybAwKtCNPeZSOwf875CWnnyKNeg5vwV6rMg=="],

    "@rolldown/binding-linux-x64-musl": ["@rolldown/binding-linux-x64-musl@1.0.0-beta.7", "", { "os": "linux", "cpu": "x64" }, "sha512-72LjHkY9Sqav35qopNh4fabhSsqKWmOwMtjmrNgONTtC5LhALjNZlaXkAaFvQRJ8N7ftT8BOITzaZeqrF6BYdg=="],

    "@rolldown/binding-wasm32-wasi": ["@rolldown/binding-wasm32-wasi@1.0.0-beta.7", "", { "dependencies": { "@napi-rs/wasm-runtime": "^0.2.4" }, "cpu": "none" }, "sha512-sR8q2p3j5ZCkFWPbm6LUIYE7SHfmrVqXu0n4CFpzmAM95pDhFRx8SzT/oL5tkFN+mCdnPpzcvpn9OioVXQ8CxA=="],

    "@rolldown/binding-win32-arm64-msvc": ["@rolldown/binding-win32-arm64-msvc@1.0.0-beta.7", "", { "os": "win32", "cpu": "arm64" }, "sha512-eeSNGdZt01NelYGl5LZc3cSwN4iYG5XE8zMqkILErfW6ndpc74DKeDWI0aG8jmtjz5VerLA4B9DzOkhuFj4lNg=="],

    "@rolldown/binding-win32-ia32-msvc": ["@rolldown/binding-win32-ia32-msvc@1.0.0-beta.7", "", { "os": "win32", "cpu": "ia32" }, "sha512-d7Uhs3LWirrE4+TRa2N25AqrZaZjYZdOrKSYbZFMF42tFkWIgGWPCQouTqjMgjVGX0feJpF7+9dwVhjZFzZbYA=="],

    "@rolldown/binding-win32-x64-msvc": ["@rolldown/binding-win32-x64-msvc@1.0.0-beta.7", "", { "os": "win32", "cpu": "x64" }, "sha512-Z3P1JHx+U7Sr73v5wJtEygxboF2VR9ds4eSAgFfslhIxFI48FFm+WEMeuLLeqnx0tiq1UL6cIIg5+h3mlaG6UA=="],

    "@tybys/wasm-util": ["@tybys/wasm-util@0.9.0", "", { "dependencies": { "tslib": "^2.4.0" } }, "sha512-6+7nlbMVX/PVDCwaIQ8nTOPveOcFLSt8GcXdx8hD0bt39uWxYT88uXzqTd4fTvqta7oeUJqudepapKNt2DYJFw=="],

    "@types/bun": ["@types/bun@1.2.10", "", { "dependencies": { "bun-types": "1.2.10" } }, "sha512-eilv6WFM3M0c9ztJt7/g80BDusK98z/FrFwseZgT4bXCq2vPhXD4z8R3oddmAn+R/Nmz9vBn4kweJKmGTZj+lg=="],

    "@types/minimatch": ["@types/minimatch@3.0.5", "", {}, "sha512-Klz949h02Gz2uZCMGwDUSDS1YBlTdDDgbWHi+81l29tQALUtvz4rAYi5uoVhE5Lagoq6DeqAUlbrHvW/mXDgdQ=="],

    "@types/node": ["@types/node@22.14.1", "", { "dependencies": { "undici-types": "~6.21.0" } }, "sha512-u0HuPQwe/dHrItgHHpmw3N2fYCR6x4ivMNbPHRkBVP4CvN+kiRrKHWk3i8tXiO/joPwXLMYvF9TTF0eqgHIuOw=="],

    "@types/validator": ["@types/validator@13.15.0", "", {}, "sha512-nh7nrWhLr6CBq9ldtw0wx+z9wKnnv/uTVLA9g/3/TcOYxbpOSZE+MhKPmWqU+K0NvThjhv12uD8MuqijB0WzEA=="],

    "@valibot/to-json-schema": ["@valibot/to-json-schema@1.0.0", "", { "peerDependencies": { "valibot": "^1.0.0" } }, "sha512-/9crJgPptVsGCL6X+JPDQyaJwkalSZ/52WuF8DiRUxJgcmpNdzYRfZ+gqMEP8W3CTVfuMWPqqvIgfwJ97f9Etw=="],

    "acorn": ["acorn@8.8.2", "", { "bin": { "acorn": "bin/acorn" } }, "sha512-xjIYgE8HBrkpd/sJqOGNspf8uHG+NOHGOw6a/Urj8taM2EXfdNAH2oFcPeIFfsv3+kz/mJrS5VuMqbNLjCa2vw=="],

    "ansi-styles": ["ansi-styles@4.3.0", "", { "dependencies": { "color-convert": "^2.0.1" } }, "sha512-zbB9rCJAT1rbjiVDb2hqKFHNYLxgtk8NURxZ3IZwD3F6NtxbXZQCnnSi1Lkx+IDohdPlFp222wVALIheZJQSEg=="],

    "array-differ": ["array-differ@3.0.0", "", {}, "sha512-THtfYS6KtME/yIAhKjZ2ul7XI96lQGHRputJQHO80LAWQnuGP4iCIN8vdMRboGbIEYBwU33q8Tch1os2+X0kMg=="],

    "array-union": ["array-union@2.1.0", "", {}, "sha512-HGyxoOTYUyCM6stUe6EJgnd4EoewAI7zMdfqO+kGjnlZmBDz/cR5pf8r/cR4Wq60sL/p0IkcjUEEPwS3GFrIyw=="],

    "arrify": ["arrify@2.0.1", "", {}, "sha512-3duEwti880xqi4eAMN8AyR4a0ByT90zoYdLlevfrvU43vb0YZwZVfxOgxWrLXXXpyugL0hNZc9G6BiB5B3nUug=="],

    "assert": ["assert@2.0.0", "", { "dependencies": { "es6-object-assign": "^1.1.0", "is-nan": "^1.2.1", "object-is": "^1.0.1", "util": "^0.12.0" } }, "sha512-se5Cd+js9dXJnu6Ag2JFc00t+HmHOen+8Q+L7O9zI0PqQXr20uk2J0XQqMxZEeo5U50o8Nvmmx7dZrl+Ufr35A=="],

    "available-typed-arrays": ["available-typed-arrays@1.0.7", "", { "dependencies": { "possible-typed-array-names": "^1.0.0" } }, "sha512-wvUjBtSGN7+7SjNpq/9M2Tg350UZD3q62IFZLbRAR1bSMlCo1ZaeW+BJ+D090e4hIIZLBcTDWe4Mh4jvUDajzQ=="],

    "balanced-match": ["balanced-match@1.0.2", "", {}, "sha512-3oSeUO0TMV67hN1AmbXsK4yaqU7tjiHlbxRDZOpH0KW9+CeX4bRAaX0Anxt0tx2MrpRpWwQaPwIlISEJhYU5Pw=="],

    "brace-expansion": ["brace-expansion@1.1.11", "", { "dependencies": { "balanced-match": "^1.0.0", "concat-map": "0.0.1" } }, "sha512-iCuPHDFgrHX7H2vEI/5xpz07zSHB00TpugqhmYtVmMO6518mCuRMoOYFldEBl0g187ufozdaHgWKcYFb61qGiA=="],

    "buffer-from": ["buffer-from@1.1.2", "", {}, "sha512-E+XQCRwSbaaiChtv6k6Dwgc+bx+Bs6vuKJHHl5kox/BaKbhiXzqQOwK4cO22yElGp2OCmjwVhT3HmxgyPGnJfQ=="],

    "bun-types": ["bun-types@1.2.10", "", { "dependencies": { "@types/node": "*" } }, "sha512-b5ITZMnVdf3m1gMvJHG+gIfeJHiQPJak0f7925Hxu6ZN5VKA8AGy4GZ4lM+Xkn6jtWxg5S3ldWvfmXdvnkp3GQ=="],

    "bunup": ["bunup@0.4.72", "", { "dependencies": { "chokidar": "^4.0.3", "coffi": "^0.1.23", "oxc-resolver": "^5.0.1", "oxc-transform": "^0.58.1", "rolldown": "1.0.0-beta.7", "rolldown-plugin-dts": "^0.7.0", "tinyexec": "^1.0.1", "ts-import-resolver": "^0.1.10" }, "peerDependencies": { "typescript": ">=4.5.0" }, "optionalPeers": ["typescript"], "bin": { "bunup": "dist/cli.mjs" } }, "sha512-pT646giD0ZyUcsJd3W/KXMATkrjRtQibs6erU/sA/pueMKe4BO9NQiCY4V9VVR93aH6SdK5/mBch1SiVPBVpNQ=="],

    "call-bind": ["call-bind@1.0.8", "", { "dependencies": { "call-bind-apply-helpers": "^1.0.0", "es-define-property": "^1.0.0", "get-intrinsic": "^1.2.4", "set-function-length": "^1.2.2" } }, "sha512-oKlSFMcMwpUg2ednkhQ454wfWiU/ul3CkJe/PEHcTKuiX6RpbehUiFMXu13HalGZxfUwCQzZG747YXBn1im9ww=="],

    "call-bind-apply-helpers": ["call-bind-apply-helpers@1.0.2", "", { "dependencies": { "es-errors": "^1.3.0", "function-bind": "^1.1.2" } }, "sha512-Sp1ablJ0ivDkSzjcaJdxEunN5/XvksFJ2sMBFfq6x0ryhQV/2b/KwFe21cMpmHtPOSij8K99/wSfoEuTObmuMQ=="],

    "call-bound": ["call-bound@1.0.4", "", { "dependencies": { "call-bind-apply-helpers": "^1.0.2", "get-intrinsic": "^1.3.0" } }, "sha512-+ys997U96po4Kx/ABpBCqhA9EuxJaQWDQg7295H4hBphv3IZg0boBKuwYpt4YXp6MZ5AmZQnU/tyMTlRpaSejg=="],

    "chalk": ["chalk@4.1.2", "", { "dependencies": { "ansi-styles": "^4.1.0", "supports-color": "^7.1.0" } }, "sha512-oKnbhFyRIXpUuez8iBMmyEa4nbj4IOQyuhc/wy9kY7/WVPcwIO9VA668Pu8RkO7+0G76SLROeyw9CpQ061i4mA=="],

    "chance": ["chance@1.1.9", "", {}, "sha512-TfxnA/DcZXRTA4OekA2zL9GH8qscbbl6X0ZqU4tXhGveVY/mXWvEQLt5GwZcYXTEyEFflVtj+pG8nc8EwSm1RQ=="],

    "char-regex": ["char-regex@1.0.2", "", {}, "sha512-kWWXztvZ5SBQV+eRgKFeh8q5sLuZY2+8WUIzlxWVTg+oGwY14qylx1KbKzHd8P6ZYkAg0xyIDU9JMHhyJMZ1jw=="],

    "charenc": ["charenc@0.0.2", "", {}, "sha512-yrLQ/yVUFXkzg7EDQsPieE/53+0RlaWTs+wBrvW36cyilJ2SaDWfl4Yj7MtLTXleV9uEKefbAGUPv2/iWSooRA=="],

    "chokidar": ["chokidar@4.0.3", "", { "dependencies": { "readdirp": "^4.0.1" } }, "sha512-Qgzu8kfBvo+cA4962jnP1KkS6Dop5NS6g7R5LFYJr4b8Ub94PPQXUksCw9PvXoeXPRRddRNC5C1JQUR2SMGtnA=="],

    "class-validator": ["class-validator@0.14.1", "", { "dependencies": { "@types/validator": "^13.11.8", "libphonenumber-js": "^1.10.53", "validator": "^13.9.0" } }, "sha512-2VEG9JICxIqTpoK1eMzZqaV+u/EiwEJkMGzTrZf6sU/fwsnOITVgYJ8yojSy6CaXtO9V0Cc6ZQZ8h8m4UBuLwQ=="],

    "coffi": ["coffi@0.1.23", "", {}, "sha512-DrlNbdTmY0I0BKxZu+wV/vfnR5CJTcIH/Ch6mcNiS48mCFxEf6WL5jcb2bK4RoMhVsnRoikS9pCwoQJQRrknSA=="],

    "color-convert": ["color-convert@2.0.1", "", { "dependencies": { "color-name": "~1.1.4" } }, "sha512-RRECPsj7iu/xb5oKYcsFHSppFNnsj/52OVTRKb4zP5onXwVF3zVmmToNcOfGC+CRDpfK/U584fMg38ZHCaElKQ=="],

    "color-name": ["color-name@1.1.4", "", {}, "sha512-dOy+3AuW3a2wNbZHIuMZpTcgjGuLU/uBL/ubcZF9OXbDo8ff4O8yVp5Bf0efS8uEoYo5q4Fx7dY9OgQGXgAsQA=="],

    "commander": ["commander@10.0.0", "", {}, "sha512-zS5PnTI22FIRM6ylNW8G4Ap0IEOyk62fhLSD0+uHRT9McRCLGpkVNvao4bjimpK/GShynyQkFFxHhwMcETmduA=="],

    "concat-map": ["concat-map@0.0.1", "", {}, "sha512-/Srv4dswyQNBfohGpz9o6Yb3Gz3SrUDqBH5rTuhGR7ahtlbYKnVxw2bCFMRljaA7EXHaXZ8wsHdodFvbkhKmqg=="],

    "crypt": ["crypt@0.0.2", "", {}, "sha512-mCxBlsHFYh9C+HVpiEacem8FEBnMXgU9gy4zmNC+SXAZNB/1idgp/aulFJ4FgCi7GPEVbfyng092GqL2k2rmow=="],

    "debug": ["debug@4.4.0", "", { "dependencies": { "ms": "^2.1.3" } }, "sha512-6WTZ/IxCY/T6BALoZHaE4ctp9xm+Z5kY/pzYaCHRFeyVhojxlrm+46y68HA6hr0TcwEssoxNiDEUJQjfPZ/RYA=="],

    "deep-is": ["deep-is@0.1.4", "", {}, "sha512-oIPzksmTg4/MriiaYGO+okXDT7ztn/w3Eptv/+gSIdMdKsJo0u4CfYNFJPy+4SKMuCqGw2wxnA+URMg3t8a/bQ=="],

    "define-data-property": ["define-data-property@1.1.4", "", { "dependencies": { "es-define-property": "^1.0.0", "es-errors": "^1.3.0", "gopd": "^1.0.1" } }, "sha512-rBMvIzlpA8v6E+SJZoo++HAYqsLrkg7MSfIinMPFhmkorw7X+dOXVJQs+QT69zGkzMyfDnIMN2Wid1+NbL3T+A=="],

    "define-properties": ["define-properties@1.2.1", "", { "dependencies": { "define-data-property": "^1.0.1", "has-property-descriptors": "^1.0.0", "object-keys": "^1.1.1" } }, "sha512-8QmQKqEASLd5nx0U1B1okLElbUuuttJ/AnYmRXbbbGDWh6uS208EjD4Xqq/I9wK7u0v6O08XhTWnt5XtEbR6Dg=="],

    "dts-resolver": ["dts-resolver@1.0.1", "", { "dependencies": { "oxc-resolver": "^6.0.0", "pathe": "^2.0.3" } }, "sha512-t+NRUvrugV5KfFibjlCmIWT1OBnCoPbl8xvxISGIlJy76IvNXwgTWo2FywUuJTBc6yyUWde9PORHqczyP1GTIA=="],

    "dunder-proto": ["dunder-proto@1.0.1", "", { "dependencies": { "call-bind-apply-helpers": "^1.0.1", "es-errors": "^1.3.0", "gopd": "^1.2.0" } }, "sha512-KIN/nDJBQRcXw0MLVhZE9iQHmG68qAVIBg9CqmUYjmQIhgij9U5MFvrqkUL5FbtyyzZuOeOt0zdeRe4UY7ct+A=="],

    "es-define-property": ["es-define-property@1.0.1", "", {}, "sha512-e3nRfgfUZ4rNGL232gUgX06QNyyez04KdjFrF+LTRoOXmrOgFKDg4BCdsjW8EnT69eqdYGmRpJwiPVYNrCaW3g=="],

    "es-errors": ["es-errors@1.3.0", "", {}, "sha512-Zf5H2Kxt2xjTvbJvP2ZWLEICxA6j+hAmMzIlypy4xcBg1vKVnx89Wy0GbS+kf5cwCVFFzdCFh2XSCFNULS6csw=="],

    "es-object-atoms": ["es-object-atoms@1.1.1", "", { "dependencies": { "es-errors": "^1.3.0" } }, "sha512-FGgH2h8zKNim9ljj7dankFPcICIK9Cp5bm+c2gQSYePhpaG5+esrLODihIorn+Pe6FGJzWhXQotPv73jTaldXA=="],

    "es6-object-assign": ["es6-object-assign@1.1.0", "", {}, "sha512-MEl9uirslVwqQU369iHNWZXsI8yaZYGg/D65aOgZkeyFJwHYSxilf7rQzXKI7DdDuBPrBXbfk3sl9hJhmd5AUw=="],

    "eslint-scope": ["eslint-scope@7.1.1", "", { "dependencies": { "esrecurse": "^4.3.0", "estraverse": "^5.2.0" } }, "sha512-QKQM/UXpIiHcLqJ5AOyIW7XZmzjkzQXYE54n1++wb0u9V/abW3l9uQnxX8Z5Xd18xyKIMTUAyQ0k1e8pz6LUrw=="],

    "eslint-visitor-keys": ["eslint-visitor-keys@3.3.0", "", {}, "sha512-mQ+suqKJVyeuwGYHAdjMFqjCyfl8+Ldnxuyp3ldiMBFKkvytrXUZWaiPCEav8qDHKty44bD+qV1IP4T+w+xXRA=="],

    "esprima": ["esprima@4.0.1", "", { "bin": { "esparse": "./bin/esparse.js", "esvalidate": "./bin/esvalidate.js" } }, "sha512-eGuFFw7Upda+g4p+QHvnW0RyTX/SVeJBDM/gCtMARO0cLuT2HcEKnTPvhjV6aGeqrCB/sbNop0Kszm0jsaWU4A=="],

    "esrecurse": ["esrecurse@4.3.0", "", { "dependencies": { "estraverse": "^5.2.0" } }, "sha512-KmfKL3b6G+RXvP8N1vr3Tq1kL/oCFgn2NYXEtqP8/L3pKapUA4G8cFVaoF3SU323CD4XypR/ffioHmkti6/Tag=="],

    "estraverse": ["estraverse@5.3.0", "", {}, "sha512-MMdARuVEQziNTeJD8DgMqmhwR11BRQ/cBP+pLtYdSTnf3MIO8fFeiINEbX36ZdNlfU/7A9f3gUw49B3oQsvwBA=="],

    "esutils": ["esutils@2.0.3", "", {}, "sha512-kVscqXk4OCp68SZ0dkgEKVi6/8ij300KBWTJq32P/dYeWTSwK41WyTxalN1eRmA5Z9UU/LX9D7FWSmV9SAYx6g=="],

    "fast-deep-equal": ["fast-deep-equal@3.1.3", "", {}, "sha512-f3qQ9oQy9j2AhBe/H9VC91wLmKBCCU/gDOnKNAYG5hswO7BLKj09Hc5HYNz9cGI++xlpDCIgDaitVs03ATR84Q=="],

    "fast-levenshtein": ["fast-levenshtein@2.0.6", "", {}, "sha512-DCXu6Ifhqcks7TZKY3Hxp3y6qphY5SJZmrWMDrKcERSOXWQdMhU9Ig/PYrzyw/ul9jOIyh0N4M0tbC5hodg8dw=="],

    "for-each": ["for-each@0.3.5", "", { "dependencies": { "is-callable": "^1.2.7" } }, "sha512-dKx12eRCVIzqCxFGplyFKJMPvLEWgmNtUrpTiJIR5u97zEhRG8ySrtboPHZXx7daLxQVrl643cTzbab2tkQjxg=="],

    "function-bind": ["function-bind@1.1.2", "", {}, "sha512-7XHNxH7qX9xG5mIwxkhumTox/MIRNcOgDrxWsMt2pAr23WHp6MrRlN7FBSFpCpr+oVO0F744iUgR82nJMfG2SA=="],

    "get-intrinsic": ["get-intrinsic@1.3.0", "", { "dependencies": { "call-bind-apply-helpers": "^1.0.2", "es-define-property": "^1.0.1", "es-errors": "^1.3.0", "es-object-atoms": "^1.1.1", "function-bind": "^1.1.2", "get-proto": "^1.0.1", "gopd": "^1.2.0", "has-symbols": "^1.1.0", "hasown": "^2.0.2", "math-intrinsics": "^1.1.0" } }, "sha512-9fSjSaos/fRIVIp+xSJlE6lfwhES7LNtKaCBIamHsjr2na1BiABJPo0mOjjz8GJDURarmCPGqaiVg5mfjb98CQ=="],

    "get-proto": ["get-proto@1.0.1", "", { "dependencies": { "dunder-proto": "^1.0.1", "es-object-atoms": "^1.0.0" } }, "sha512-sTSfBjoXBp89JvIKIefqw7U2CCebsc74kiY6awiGogKtoSGbgjYE/G/+l9sF3MWFPNc9IcoOC4ODfKHfxFmp0g=="],

    "get-tsconfig": ["get-tsconfig@4.10.0", "", { "dependencies": { "resolve-pkg-maps": "^1.0.0" } }, "sha512-kGzZ3LWWQcGIAmg6iWvXn0ei6WDtV26wzHRMwDSzmAbcXrTEXxHy6IehI6/4eT6VRKyMP1eF1VqwrVUmE/LR7A=="],

    "gopd": ["gopd@1.2.0", "", {}, "sha512-ZUKRh6/kUFoAiTAtTYPZJ3hw9wNxx+BIBOijnlG9PnrJsCcSjs1wyyD6vJpaYtgnzDrKYRSqf3OO6Rfa93xsRg=="],

    "has-flag": ["has-flag@4.0.0", "", {}, "sha512-EykJT/Q1KjTWctppgIAgfSO0tKVuZUjhgMr17kqTumMl6Afv3EISleU7qZUzoXDFTAHTDC4NOoG/ZxU3EvlMPQ=="],

    "has-property-descriptors": ["has-property-descriptors@1.0.2", "", { "dependencies": { "es-define-property": "^1.0.0" } }, "sha512-55JNKuIW+vq4Ke1BjOTjM2YctQIvCT7GFzHwmfZPGo5wnrgkid0YQtnAleFSqumZm4az3n2BS+erby5ipJdgrg=="],

    "has-symbols": ["has-symbols@1.1.0", "", {}, "sha512-1cDNdwJ2Jaohmb3sg4OmKaMBwuC48sYni5HUw2DvsC8LjGTLK9h+eb1X6RyuOHe4hT0ULCW68iomhjUoKUqlPQ=="],

    "has-tostringtag": ["has-tostringtag@1.0.2", "", { "dependencies": { "has-symbols": "^1.0.3" } }, "sha512-NqADB8VjPFLM2V0VvHUewwwsw0ZWBaIdgo+ieHtK3hasLz4qeCRjYcqfB6AQrBggRKppKF8L52/VqdVsO47Dlw=="],

    "hasown": ["hasown@2.0.2", "", { "dependencies": { "function-bind": "^1.1.2" } }, "sha512-0hJU9SCPvmMzIBdZFqNPXWa6dqh7WdH0cII9y+CyS8rG3nL48Bclra9HmKhVVUHyPWNH5Y7xDwAB7bfgSjkUMQ=="],

    "inherits": ["inherits@2.0.4", "", {}, "sha512-k/vGaX4/Yla3WzyMCvTQOXYeIHvqOKtnqBduzTHpzpQZzAskKMhZ2K+EnBiSM9zGSoIFeMpXKxa4dYeZIQqewQ=="],

    "inversify": ["inversify@6.0.1", "", {}, "sha512-B3ex30927698TJENHR++8FfEaJGqoWOgI6ZY5Ht/nLUsFCwHn6akbwtnUAPCgUepAnTpe2qHxhDNjoKLyz6rgQ=="],

    "is-arguments": ["is-arguments@1.2.0", "", { "dependencies": { "call-bound": "^1.0.2", "has-tostringtag": "^1.0.2" } }, "sha512-7bVbi0huj/wrIAOzb8U1aszg9kdi3KN/CyU19CTI7tAoZYEZoL9yCDXpbXN+uPsuWnP02cyug1gleqq+TU+YCA=="],

    "is-buffer": ["is-buffer@1.1.6", "", {}, "sha512-NcdALwpXkTm5Zvvbk7owOUSvVvBKDgKP5/ewfXEznmQFfs4ZRmanOeKBTjRVjka3QFoN6XJ+9F3USqfHqTaU5w=="],

    "is-callable": ["is-callable@1.2.7", "", {}, "sha512-1BC0BVFhS/p0qtw6enp8e+8OD0UrK0oFLztSjNzhcKA3WDuJxxAPXzPuPtKkjEY9UUoEWlX/8fgKeu2S8i9JTA=="],

    "is-generator-function": ["is-generator-function@1.1.0", "", { "dependencies": { "call-bound": "^1.0.3", "get-proto": "^1.0.0", "has-tostringtag": "^1.0.2", "safe-regex-test": "^1.1.0" } }, "sha512-nPUB5km40q9e8UfN/Zc24eLlzdSf9OfKByBw9CIdw4H1giPMeA0OIJvbchsCu4npfI2QcMVBsGEBHKZ7wLTWmQ=="],

    "is-nan": ["is-nan@1.3.2", "", { "dependencies": { "call-bind": "^1.0.0", "define-properties": "^1.1.3" } }, "sha512-E+zBKpQ2t6MEo1VsonYmluk9NxGrbzpeeLC2xIViuO2EjU2xsXsBPwTr3Ykv9l08UYEVEdWeRZNouaZqF6RN0w=="],

    "is-regex": ["is-regex@1.2.1", "", { "dependencies": { "call-bound": "^1.0.2", "gopd": "^1.2.0", "has-tostringtag": "^1.0.2", "hasown": "^2.0.2" } }, "sha512-MjYsKHO5O7mCsmRGxWcLWheFqN9DJ/2TmngvjKXihe6efViPqc274+Fx/4fYj/r03+ESvBdTXK0V6tA3rgez1g=="],

    "is-typed-array": ["is-typed-array@1.1.15", "", { "dependencies": { "which-typed-array": "^1.1.16" } }, "sha512-p3EcsicXjit7SaskXHs1hA91QxgTw46Fv6EFKKGS5DRFLD8yKnohjF3hxoju94b/OcMZoQukzpPpBE9uLVKzgQ=="],

    "javascript-obfuscator": ["javascript-obfuscator@4.1.1", "", { "dependencies": { "@javascript-obfuscator/escodegen": "2.3.0", "@javascript-obfuscator/estraverse": "5.4.0", "acorn": "8.8.2", "assert": "2.0.0", "chalk": "4.1.2", "chance": "1.1.9", "class-validator": "0.14.1", "commander": "10.0.0", "eslint-scope": "7.1.1", "eslint-visitor-keys": "3.3.0", "fast-deep-equal": "3.1.3", "inversify": "6.0.1", "js-string-escape": "1.0.1", "md5": "2.3.0", "mkdirp": "2.1.3", "multimatch": "5.0.0", "opencollective-postinstall": "2.0.3", "process": "0.11.10", "reflect-metadata": "0.1.13", "source-map-support": "0.5.21", "string-template": "1.0.0", "stringz": "2.1.0", "tslib": "2.5.0" }, "bin": { "javascript-obfuscator": "bin/javascript-obfuscator" } }, "sha512-gt+KZpIIrrxXHEQGD8xZrL8mTRwRY0U76/xz/YX0gZdPrSqQhT/c7dYLASlLlecT3r+FxE7je/+C0oLnTDCx4A=="],

    "js-string-escape": ["js-string-escape@1.0.1", "", {}, "sha512-Smw4xcfIQ5LVjAOuJCvN/zIodzA/BBSsluuoSykP+lUvScIi4U6RJLfwHet5cxFnCswUjISV8oAXaqaJDY3chg=="],

    "levn": ["levn@0.3.0", "", { "dependencies": { "prelude-ls": "~1.1.2", "type-check": "~0.3.2" } }, "sha512-0OO4y2iOHix2W6ujICbKIaEQXvFQHue65vUG3pb5EUomzPI90z9hsA1VsO/dbIIpC53J8gxM9Q4Oho0jrCM/yA=="],

    "libphonenumber-js": ["libphonenumber-js@1.12.7", "", {}, "sha512-0nYZSNj/QEikyhcM5RZFXGlCB/mr4PVamnT1C2sKBnDDTYndrvbybYjvg+PMqAndQHlLbwQ3socolnL3WWTUFA=="],

    "magic-string": ["magic-string@0.30.17", "", { "dependencies": { "@jridgewell/sourcemap-codec": "^1.5.0" } }, "sha512-sNPKHvyjVf7gyjwS4xGTaW/mCnF8wnjtifKBEhxfZ7E/S8tQ0rssrwGNn6q8JH/ohItJfSQp9mBtQYuTlH5QnA=="],

    "magic-string-ast": ["magic-string-ast@0.9.1", "", { "dependencies": { "magic-string": "^0.30.17" } }, "sha512-18dv2ZlSSgJ/jDWlZGKfnDJx56ilNlYq9F7NnwuWTErsmYmqJ2TWE4l1o2zlUHBYUGBy3tIhPCC1gxq8M5HkMA=="],

    "math-intrinsics": ["math-intrinsics@1.1.0", "", {}, "sha512-/IXtbwEk5HTPyEwyKX6hGkYXxM9nbj64B+ilVJnC/R6B0pH5G4V3b0pVbL7DBj4tkhBAppbQUlf6F6Xl9LHu1g=="],

    "md5": ["md5@2.3.0", "", { "dependencies": { "charenc": "0.0.2", "crypt": "0.0.2", "is-buffer": "~1.1.6" } }, "sha512-T1GITYmFaKuO91vxyoQMFETst+O71VUPEU3ze5GNzDm0OWdP8v1ziTaAEPUr/3kLsY3Sftgz242A1SetQiDL7g=="],

    "minimatch": ["minimatch@3.1.2", "", { "dependencies": { "brace-expansion": "^1.1.7" } }, "sha512-J7p63hRiAjw1NDEww1W7i37+ByIrOWO5XQQAzZ3VOcL0PNybwpfmV/N05zFAzwQ9USyEcX6t3UO+K5aqBQOIHw=="],

    "mkdirp": ["mkdirp@2.1.3", "", { "bin": { "mkdirp": "dist/cjs/src/bin.js" } }, "sha512-sjAkg21peAG9HS+Dkx7hlG9Ztx7HLeKnvB3NQRcu/mltCVmvkF0pisbiTSfDVYTT86XEfZrTUosLdZLStquZUw=="],

    "ms": ["ms@2.1.3", "", {}, "sha512-6FlzubTLZG3J2a/NVCAleEhjzq5oxgHyaCU9yYXvcLsvoVaHJq/s5xXI6/XXP6tz7R9xAOtHnSO/tXtF3WRTlA=="],

    "multimatch": ["multimatch@5.0.0", "", { "dependencies": { "@types/minimatch": "^3.0.3", "array-differ": "^3.0.0", "array-union": "^2.1.0", "arrify": "^2.0.1", "minimatch": "^3.0.4" } }, "sha512-ypMKuglUrZUD99Tk2bUQ+xNQj43lPEfAeX2o9cTteAmShXy2VHDJpuwu1o0xqoKCt9jLVAvwyFKdLTPXKAfJyA=="],

    "object-is": ["object-is@1.1.6", "", { "dependencies": { "call-bind": "^1.0.7", "define-properties": "^1.2.1" } }, "sha512-F8cZ+KfGlSGi09lJT7/Nd6KJZ9ygtvYC0/UYYLI9nmQKLMnydpB9yvbv9K1uSkEu7FU9vYPmVwLg328tX+ot3Q=="],

    "object-keys": ["object-keys@1.1.1", "", {}, "sha512-NuAESUOUMrlIXOfHKzD6bpPu3tYt3xvjNdRIQ+FeT0lNb4K8WR70CaDxhuNguS2XG+GjkyMwOzsN5ZktImfhLA=="],

    "opencollective-postinstall": ["opencollective-postinstall@2.0.3", "", { "bin": { "opencollective-postinstall": "index.js" } }, "sha512-8AV/sCtuzUeTo8gQK5qDZzARrulB3egtLzFgteqB2tcT4Mw7B8Kt7JcDHmltjz6FOAHsvTevk70gZEbhM4ZS9Q=="],

    "optionator": ["optionator@0.8.3", "", { "dependencies": { "deep-is": "~0.1.3", "fast-levenshtein": "~2.0.6", "levn": "~0.3.0", "prelude-ls": "~1.1.2", "type-check": "~0.3.2", "word-wrap": "~1.2.3" } }, "sha512-+IW9pACdk3XWmmTXG8m3upGUJst5XRGzxMRjXzAuJ1XnIFNvfhjjIuYkDvysnPQ7qzqVzLt78BCruntqRhWQbA=="],

    "oxc-parser": ["oxc-parser@0.64.0", "", { "dependencies": { "@oxc-project/types": "^0.64.0" }, "optionalDependencies": { "@oxc-parser/binding-darwin-arm64": "0.64.0", "@oxc-parser/binding-darwin-x64": "0.64.0", "@oxc-parser/binding-linux-arm-gnueabihf": "0.64.0", "@oxc-parser/binding-linux-arm64-gnu": "0.64.0", "@oxc-parser/binding-linux-arm64-musl": "0.64.0", "@oxc-parser/binding-linux-x64-gnu": "0.64.0", "@oxc-parser/binding-linux-x64-musl": "0.64.0", "@oxc-parser/binding-wasm32-wasi": "0.64.0", "@oxc-parser/binding-win32-arm64-msvc": "0.64.0", "@oxc-parser/binding-win32-x64-msvc": "0.64.0" } }, "sha512-T5/h7Iv3kwUwTaOwOLz2yTwz2LsUfdu5IXTmZuMEDYL2Bp/dxGdxQZHaz8lc4bUBU9Swnb+caioKk4FLBT7prg=="],

    "oxc-resolver": ["oxc-resolver@5.3.0", "", { "optionalDependencies": { "@oxc-resolver/binding-darwin-arm64": "5.3.0", "@oxc-resolver/binding-darwin-x64": "5.3.0", "@oxc-resolver/binding-freebsd-x64": "5.3.0", "@oxc-resolver/binding-linux-arm-gnueabihf": "5.3.0", "@oxc-resolver/binding-linux-arm64-gnu": "5.3.0", "@oxc-resolver/binding-linux-arm64-musl": "5.3.0", "@oxc-resolver/binding-linux-riscv64-gnu": "5.3.0", "@oxc-resolver/binding-linux-s390x-gnu": "5.3.0", "@oxc-resolver/binding-linux-x64-gnu": "5.3.0", "@oxc-resolver/binding-linux-x64-musl": "5.3.0", "@oxc-resolver/binding-wasm32-wasi": "5.3.0", "@oxc-resolver/binding-win32-arm64-msvc": "5.3.0", "@oxc-resolver/binding-win32-x64-msvc": "5.3.0" } }, "sha512-FHqtZx0idP5QRPSNcI5g2ItmADg7fhR3XIeWg5eRMGfp44xqRpfkdvo+EX4ZceqV9bxvl0Z8vaqMqY0gYaNYNA=="],

    "oxc-transform": ["oxc-transform@0.58.1", "", { "optionalDependencies": { "@oxc-transform/binding-darwin-arm64": "0.58.1", "@oxc-transform/binding-darwin-x64": "0.58.1", "@oxc-transform/binding-linux-arm-gnueabihf": "0.58.1", "@oxc-transform/binding-linux-arm64-gnu": "0.58.1", "@oxc-transform/binding-linux-arm64-musl": "0.58.1", "@oxc-transform/binding-linux-x64-gnu": "0.58.1", "@oxc-transform/binding-linux-x64-musl": "0.58.1", "@oxc-transform/binding-wasm32-wasi": "0.58.1", "@oxc-transform/binding-win32-arm64-msvc": "0.58.1", "@oxc-transform/binding-win32-x64-msvc": "0.58.1" } }, "sha512-xOG65Wi5Zp6MO8W4O3jyffWVhKLzqSgtfCC/W207dRLV4wkHyWuzoCgkiy/PUe1NqhC6SkiM603WspNS0AsOZg=="],

    "pathe": ["pathe@2.0.3", "", {}, "sha512-WUjGcAqP1gQacoQe+OBJsFA7Ld4DyXuUIjZ5cc75cLHvJ7dtNsTugphxIADwspS+AraAUePCKrSVtPLFj/F88w=="],

    "possible-typed-array-names": ["possible-typed-array-names@1.1.0", "", {}, "sha512-/+5VFTchJDoVj3bhoqi6UeymcD00DAwb1nJwamzPvHEszJ4FpF6SNNbUbOS8yI56qHzdV8eK0qEfOSiodkTdxg=="],

    "prelude-ls": ["prelude-ls@1.1.2", "", {}, "sha512-ESF23V4SKG6lVSGZgYNpbsiaAkdab6ZgOxe52p7+Kid3W3u3bxR4Vfd/o21dmN7jSt0IwgZ4v5MUd26FEtXE9w=="],

    "process": ["process@0.11.10", "", {}, "sha512-cdGef/drWFoydD1JsMzuFf8100nZl+GT+yacc2bEced5f9Rjk4z+WtFUTBu9PhOi9j/jfmBPu0mMEY4wIdAF8A=="],

    "readdirp": ["readdirp@4.1.2", "", {}, "sha512-GDhwkLfywWL2s6vEjyhri+eXmfH6j1L7JE27WhqLeYzoh/A3DBaYGEj2H/HFZCn/kMfim73FXxEJTw06WtxQwg=="],

    "reflect-metadata": ["reflect-metadata@0.1.13", "", {}, "sha512-Ts1Y/anZELhSsjMcU605fU9RE4Oi3p5ORujwbIKXfWa+0Zxs510Qrmrce5/Jowq3cHSZSJqBjypxmHarc+vEWg=="],

    "resolve-pkg-maps": ["resolve-pkg-maps@1.0.0", "", {}, "sha512-seS2Tj26TBVOC2NIc2rOe2y2ZO7efxITtLZcGSOnHHNOQ7CkiUBfw0Iw2ck6xkIhPwLhKNLS8BO+hEpngQlqzw=="],

    "rolldown": ["rolldown@1.0.0-beta.7", "", { "dependencies": { "@oxc-project/types": "0.61.2", "@valibot/to-json-schema": "1.0.0", "valibot": "1.0.0" }, "optionalDependencies": { "@rolldown/binding-darwin-arm64": "1.0.0-beta.7", "@rolldown/binding-darwin-x64": "1.0.0-beta.7", "@rolldown/binding-freebsd-x64": "1.0.0-beta.7", "@rolldown/binding-linux-arm-gnueabihf": "1.0.0-beta.7", "@rolldown/binding-linux-arm64-gnu": "1.0.0-beta.7", "@rolldown/binding-linux-arm64-musl": "1.0.0-beta.7", "@rolldown/binding-linux-x64-gnu": "1.0.0-beta.7", "@rolldown/binding-linux-x64-musl": "1.0.0-beta.7", "@rolldown/binding-wasm32-wasi": "1.0.0-beta.7", "@rolldown/binding-win32-arm64-msvc": "1.0.0-beta.7", "@rolldown/binding-win32-ia32-msvc": "1.0.0-beta.7", "@rolldown/binding-win32-x64-msvc": "1.0.0-beta.7" }, "peerDependencies": { "@oxc-project/runtime": "0.61.2" }, "optionalPeers": ["@oxc-project/runtime"], "bin": { "rolldown": "bin/cli.js" } }, "sha512-IUa/9lZVqgFilYggiY7jxUbmvU4Q8wVvVqsru+AeMldBccBEhTYZ6/XP6cWsznb8Fv49zfYGaeEpJ5WeVdo6Mg=="],

    "rolldown-plugin-dts": ["rolldown-plugin-dts@0.7.13", "", { "dependencies": { "debug": "^4.4.0", "dts-resolver": "^1.0.0", "get-tsconfig": "^4.10.0", "magic-string-ast": "^0.9.1", "oxc-parser": "^0.64.0", "oxc-transform": "^0.64.0" }, "peerDependencies": { "rolldown": "^1.0.0-beta.7", "typescript": "^5.0.0" }, "optionalPeers": ["typescript"] }, "sha512-hwFXzOhf/szuUOnEWRIDCKVqQKTVNKzd2EjXxq1tkWRle2+PW5tvQUVVY/cxmTdpNv9fzVTz2UUZHU3pv+iqWA=="],

    "safe-regex-test": ["safe-regex-test@1.1.0", "", { "dependencies": { "call-bound": "^1.0.2", "es-errors": "^1.3.0", "is-regex": "^1.2.1" } }, "sha512-x/+Cz4YrimQxQccJf5mKEbIa1NzeCRNI5Ecl/ekmlYaampdNLPalVyIcCZNNH3MvmqBugV5TMYZXv0ljslUlaw=="],

    "set-function-length": ["set-function-length@1.2.2", "", { "dependencies": { "define-data-property": "^1.1.4", "es-errors": "^1.3.0", "function-bind": "^1.1.2", "get-intrinsic": "^1.2.4", "gopd": "^1.0.1", "has-property-descriptors": "^1.0.2" } }, "sha512-pgRc4hJ4/sNjWCSS9AmnS40x3bNMDTknHgL5UaMBTMyJnU90EgWh1Rz+MC9eFu4BuN/UwZjKQuY/1v3rM7HMfg=="],

    "source-map": ["source-map@0.6.1", "", {}, "sha512-UjgapumWlbMhkBgzT7Ykc5YXUT46F0iKu8SGXq0bcwP5dz/h0Plj6enJqjz1Zbq2l5WaqYnrVbwWOWMyF3F47g=="],

    "source-map-support": ["source-map-support@0.5.21", "", { "dependencies": { "buffer-from": "^1.0.0", "source-map": "^0.6.0" } }, "sha512-uBHU3L3czsIyYXKX88fdrGovxdSCoTGDRZ6SYXtSRxLZUzHg5P/66Ht6uoUlHu9EZod+inXhKo3qQgwXUT/y1w=="],

    "string-template": ["string-template@1.0.0", "", {}, "sha512-SLqR3GBUXuoPP5MmYtD7ompvXiG87QjT6lzOszyXjTM86Uu7At7vNnt2xgyTLq5o9T4IxTYFyGxcULqpsmsfdg=="],

    "stringz": ["stringz@2.1.0", "", { "dependencies": { "char-regex": "^1.0.2" } }, "sha512-KlywLT+MZ+v0IRepfMxRtnSvDCMc3nR1qqCs3m/qIbSOWkNZYT8XHQA31rS3TnKp0c5xjZu3M4GY/2aRKSi/6A=="],

    "supports-color": ["supports-color@7.2.0", "", { "dependencies": { "has-flag": "^4.0.0" } }, "sha512-qpCAvRl9stuOHveKsn7HncJRvv501qIacKzQlO/+Lwxc9+0q2wLyv4Dfvt80/DPn2pqOBsJdDiogXGR9+OvwRw=="],

    "tinyexec": ["tinyexec@1.0.1", "", {}, "sha512-5uC6DDlmeqiOwCPmK9jMSdOuZTh8bU39Ys6yidB+UTt5hfZUPGAypSgFRiEp+jbi9qH40BLDvy85jIU88wKSqw=="],

    "ts-import-resolver": ["ts-import-resolver@0.1.11", "", { "peerDependencies": { "typescript": ">=4.5.0" }, "optionalPeers": ["typescript"] }, "sha512-9p/dEbrDs/6WcbKblamdENhlaSksF+NEpmwmmszpsM6PbVLtctJDOcXa3a+M/yMvYGleEsTsJrlDR4KXutPwag=="],

    "tslib": ["tslib@2.5.0", "", {}, "sha512-336iVw3rtn2BUK7ORdIAHTyxHGRIHVReokCR3XjbckJMK7ms8FysBfhLR8IXnAgy7T0PTPNBWKiH514FOW/WSg=="],

    "type-check": ["type-check@0.3.2", "", { "dependencies": { "prelude-ls": "~1.1.2" } }, "sha512-ZCmOJdvOWDBYJlzAoFkC+Q0+bUyEOS1ltgp1MGU03fqHG+dbi9tBFU2Rd9QKiDZFAYrhPh2JUf7rZRIuHRKtOg=="],

    "typescript": ["typescript@5.8.3", "", { "bin": { "tsc": "bin/tsc", "tsserver": "bin/tsserver" } }, "sha512-p1diW6TqL9L07nNxvRMM7hMMw4c5XOo/1ibL4aAIGmSAt9slTE1Xgw5KWuof2uTOvCg9BY7ZRi+GaF+7sfgPeQ=="],

    "undici-types": ["undici-types@6.21.0", "", {}, "sha512-iwDZqg0QAGrg9Rav5H4n0M64c3mkR59cJ6wQp+7C4nI0gsmExaedaYLNO44eT4AtBBwjbTiGPMlt2Md0T9H9JQ=="],

    "util": ["util@0.12.5", "", { "dependencies": { "inherits": "^2.0.3", "is-arguments": "^1.0.4", "is-generator-function": "^1.0.7", "is-typed-array": "^1.1.3", "which-typed-array": "^1.1.2" } }, "sha512-kZf/K6hEIrWHI6XqOFUiiMa+79wE/D8Q+NCNAWclkyg3b4d2k7s0QGepNjiABc+aR3N1PAyHL7p6UcLY6LmrnA=="],

    "valibot": ["valibot@1.0.0", "", { "peerDependencies": { "typescript": ">=5" }, "optionalPeers": ["typescript"] }, "sha512-1Hc0ihzWxBar6NGeZv7fPLY0QuxFMyxwYR2sF1Blu7Wq7EnremwY2W02tit2ij2VJT8HcSkHAQqmFfl77f73Yw=="],

    "validator": ["validator@13.15.0", "", {}, "sha512-36B2ryl4+oL5QxZ3AzD0t5SsMNGvTtQHpjgFO5tbNxfXbMFkY822ktCDe1MnlqV3301QQI9SLHDNJokDI+Z9pA=="],

    "which-typed-array": ["which-typed-array@1.1.19", "", { "dependencies": { "available-typed-arrays": "^1.0.7", "call-bind": "^1.0.8", "call-bound": "^1.0.4", "for-each": "^0.3.5", "get-proto": "^1.0.1", "gopd": "^1.2.0", "has-tostringtag": "^1.0.2" } }, "sha512-rEvr90Bck4WZt9HHFC4DJMsjvu7x+r6bImz0/BrbWb7A2djJ8hnZMrWnHo9F8ssv0OMErasDhftrfROTyqSDrw=="],

    "word-wrap": ["word-wrap@1.2.5", "", {}, "sha512-BN22B5eaMMI9UMtjrGd5g5eCYPpCPDUy0FJXbYsaT5zYxjFOckS53SQDE3pWkVoWpHXVb3BrYcEN4Twa55B5cA=="],

    "dts-resolver/oxc-resolver": ["oxc-resolver@6.0.0", "", { "optionalDependencies": { "@oxc-resolver/binding-darwin-arm64": "6.0.0", "@oxc-resolver/binding-darwin-x64": "6.0.0", "@oxc-resolver/binding-freebsd-x64": "6.0.0", "@oxc-resolver/binding-linux-arm-gnueabihf": "6.0.0", "@oxc-resolver/binding-linux-arm64-gnu": "6.0.0", "@oxc-resolver/binding-linux-arm64-musl": "6.0.0", "@oxc-resolver/binding-linux-riscv64-gnu": "6.0.0", "@oxc-resolver/binding-linux-s390x-gnu": "6.0.0", "@oxc-resolver/binding-linux-x64-gnu": "6.0.0", "@oxc-resolver/binding-linux-x64-musl": "6.0.0", "@oxc-resolver/binding-wasm32-wasi": "6.0.0", "@oxc-resolver/binding-win32-arm64-msvc": "6.0.0", "@oxc-resolver/binding-win32-x64-msvc": "6.0.0" } }, "sha512-XbjFKJrpQiVl4XlJE44ly+fNdV5+adm8b/Ax9EIGYpA160PVgYVRUfmdYD1SHOO8z1oZ+CFNZ4/A3EUrNP+/cA=="],

    "oxc-parser/@oxc-project/types": ["@oxc-project/types@0.64.0", "", {}, "sha512-B0dxuEZFV6M4tXjPFwDSaED5/J55YUhODBaF09xNFNRrEyzQLKZuhKXAw1xYK8bO4K8Jn1d21TZfei3kAIE8dA=="],

    "rolldown-plugin-dts/oxc-transform": ["oxc-transform@0.64.0", "", { "optionalDependencies": { "@oxc-transform/binding-darwin-arm64": "0.64.0", "@oxc-transform/binding-darwin-x64": "0.64.0", "@oxc-transform/binding-linux-arm-gnueabihf": "0.64.0", "@oxc-transform/binding-linux-arm64-gnu": "0.64.0", "@oxc-transform/binding-linux-arm64-musl": "0.64.0", "@oxc-transform/binding-linux-x64-gnu": "0.64.0", "@oxc-transform/binding-linux-x64-musl": "0.64.0", "@oxc-transform/binding-wasm32-wasi": "0.64.0", "@oxc-transform/binding-win32-arm64-msvc": "0.64.0", "@oxc-transform/binding-win32-x64-msvc": "0.64.0" } }, "sha512-b4fN/7l+/frPZ7/Z3XYcjvgFXfctYiOKNP0cYFDUOZR4P1NbrpfYlLVAXiCAE66kLo7um1TS/JFCSl1JbUsb9g=="],

    "dts-resolver/oxc-resolver/@oxc-resolver/binding-darwin-arm64": ["@oxc-resolver/binding-darwin-arm64@6.0.0", "", { "os": "darwin", "cpu": "arm64" }, "sha512-GKsfwUPgo4CjJioksA+DVEILT0aWhrbTBKHTiEvkTNC+bsafttSm0xqrIutCQqfqwuSa+Uj0VHylmL3Vv0F/7g=="],

    "dts-resolver/oxc-resolver/@oxc-resolver/binding-darwin-x64": ["@oxc-resolver/binding-darwin-x64@6.0.0", "", { "os": "darwin", "cpu": "x64" }, "sha512-hwKfm4aT4SLuTkdF2NDYqYEnE9+m4emXLfFZ7D1mTIRul8If/fJop4I4YuIDrJfHVLQmSkpbPbI16XrNK3TftA=="],

    "dts-resolver/oxc-resolver/@oxc-resolver/binding-freebsd-x64": ["@oxc-resolver/binding-freebsd-x64@6.0.0", "", { "os": "freebsd", "cpu": "x64" }, "sha512-ZxFpS90awfLxWW0JqWFWO71p73SGWKhuocOMNQV30MtKZx5fX4lemnNl92Lr6Hvqg4egeSsPO5SGZbnMD5YShw=="],

    "dts-resolver/oxc-resolver/@oxc-resolver/binding-linux-arm-gnueabihf": ["@oxc-resolver/binding-linux-arm-gnueabihf@6.0.0", "", { "os": "linux", "cpu": "arm" }, "sha512-ztc09+LDBxbAfndqTSvzz4KqN2fRRDCjj1eDRBGZMF5zQu/ThasERwh1ZzRp3sGZGRroZLQRCJunstS5OJKpww=="],

    "dts-resolver/oxc-resolver/@oxc-resolver/binding-linux-arm64-gnu": ["@oxc-resolver/binding-linux-arm64-gnu@6.0.0", "", { "os": "linux", "cpu": "arm64" }, "sha512-+x1xrEm2G/aOlTMzH3p53ayEEOCTFh4+H5EazdA1ljJP8m/ztrhtZGAo95dclYrCsRNP6KuVmIpw0Y4/RZT7EQ=="],

    "dts-resolver/oxc-resolver/@oxc-resolver/binding-linux-arm64-musl": ["@oxc-resolver/binding-linux-arm64-musl@6.0.0", "", { "os": "linux", "cpu": "arm64" }, "sha512-jgo0lz1569+yGpcZCjh0/wzgbvekTAaOB5JaOOWtgh7jvuVDIo6+m884Pf9V5U3Z2VLZts4J+e8hA1urA9Y1lg=="],

    "dts-resolver/oxc-resolver/@oxc-resolver/binding-linux-riscv64-gnu": ["@oxc-resolver/binding-linux-riscv64-gnu@6.0.0", "", { "os": "linux", "cpu": "none" }, "sha512-uEhw/2oSnBp5PNv6sBev1koH4thSy1eH8LA6N3gAklrznqhFNqqvmXjlKZm9ek3bVFG44Hlx9BS5/tT0hXPbqA=="],

    "dts-resolver/oxc-resolver/@oxc-resolver/binding-linux-s390x-gnu": ["@oxc-resolver/binding-linux-s390x-gnu@6.0.0", "", { "os": "linux", "cpu": "s390x" }, "sha512-QR8d1f58XyTlkbATYxo2XhqyBNVT/Ma+z5dDvmjyYMa2S9u5yHKOch10I9fx/kLjRqfHzpl2H32NwwBnkaTzzg=="],

    "dts-resolver/oxc-resolver/@oxc-resolver/binding-linux-x64-gnu": ["@oxc-resolver/binding-linux-x64-gnu@6.0.0", "", { "os": "linux", "cpu": "x64" }, "sha512-CBp1yw8/jBhMuJnye1DJNUx1Rvpw4Zur4QqtjXXa+0kzTXr4qSsEsrdZj2p4USBQX/ComtK4UVPX4FqDj6VR0Q=="],

    "dts-resolver/oxc-resolver/@oxc-resolver/binding-linux-x64-musl": ["@oxc-resolver/binding-linux-x64-musl@6.0.0", "", { "os": "linux", "cpu": "x64" }, "sha512-FM3bdl0ZfjGnHsFLUSPny9H8nsFXYXEVaD5juOnBW+RIcxN6tS9atzmki5ZmeTqgyDLZ68pM//b/UlI4V0GGvA=="],

    "dts-resolver/oxc-resolver/@oxc-resolver/binding-wasm32-wasi": ["@oxc-resolver/binding-wasm32-wasi@6.0.0", "", { "dependencies": { "@napi-rs/wasm-runtime": "^0.2.9" }, "cpu": "none" }, "sha512-FLk/ip9wCbbeqBJAXCGmmZCMDNa9wT/Kbw1m5xWcMYy88Z65/zuAQs7Gg/okm77X/DE1ZJ766bnC3Cmz6SmWaA=="],

    "dts-resolver/oxc-resolver/@oxc-resolver/binding-win32-arm64-msvc": ["@oxc-resolver/binding-win32-arm64-msvc@6.0.0", "", { "os": "win32", "cpu": "arm64" }, "sha512-WEF2dSpwF5MEN1Zt/+dCCWpWXxsZTPPZPJXARV/1SP0ul9N0oijYyWO+8WYE0qREU8B0Toh/YGkA/wLSui3eRg=="],

    "dts-resolver/oxc-resolver/@oxc-resolver/binding-win32-x64-msvc": ["@oxc-resolver/binding-win32-x64-msvc@6.0.0", "", { "os": "win32", "cpu": "x64" }, "sha512-eTn8RUr6D2C+BGPG0ECtsqvUo8B+HvkhTkBG0Jel/7DqU+WCTNOT64+Ww9ZUhQxPJKa4laR9Zyu5yo/SaF6qPQ=="],

    "rolldown-plugin-dts/oxc-transform/@oxc-transform/binding-darwin-arm64": ["@oxc-transform/binding-darwin-arm64@0.64.0", "", { "os": "darwin", "cpu": "arm64" }, "sha512-SphSpVk2TcJ1bGfv/kStrSGrKyA5wLuIjuyK0/Im8ZJZ2zAolJdm4WFZUDI5NZZskwcqoB2qrUQFr9pV75N+BA=="],

    "rolldown-plugin-dts/oxc-transform/@oxc-transform/binding-darwin-x64": ["@oxc-transform/binding-darwin-x64@0.64.0", "", { "os": "darwin", "cpu": "x64" }, "sha512-MDTCesIxze+lVc33cZGHZE5alWUL5dbhQGM4i1uobHbll7nuLBO8ymZZ7dQxCKJztkzQOU+Ib+TPtdxIWkcnqQ=="],

    "rolldown-plugin-dts/oxc-transform/@oxc-transform/binding-linux-arm-gnueabihf": ["@oxc-transform/binding-linux-arm-gnueabihf@0.64.0", "", { "os": "linux", "cpu": "arm" }, "sha512-1emYdqi1lJscGi4F75Zgr24+l5v6o/TawUDVyrZ2JPW0g4F8V22udbsN6f0cFRwspTiBtxCfFMCnK/bdgcQOeQ=="],

    "rolldown-plugin-dts/oxc-transform/@oxc-transform/binding-linux-arm64-gnu": ["@oxc-transform/binding-linux-arm64-gnu@0.64.0", "", { "os": "linux", "cpu": "arm64" }, "sha512-OxIEd1bk9fEmSgisxD525+2/7XZ6ex9vSU/FZhalv/tEsbrMA7sxsu/cl0zfKVVZFkI2uZ2r93RLeh/kv0VznQ=="],

    "rolldown-plugin-dts/oxc-transform/@oxc-transform/binding-linux-arm64-musl": ["@oxc-transform/binding-linux-arm64-musl@0.64.0", "", { "os": "linux", "cpu": "arm64" }, "sha512-kTtZBREwmXMMgsMdFWU6/zZPavbeFwXHf32MY07tIBEn6kRz9Gg6Xsl7V1s0PVMTcYVY+6IZ5idZ1ODAdt1VkQ=="],

    "rolldown-plugin-dts/oxc-transform/@oxc-transform/binding-linux-x64-gnu": ["@oxc-transform/binding-linux-x64-gnu@0.64.0", "", { "os": "linux", "cpu": "x64" }, "sha512-zHe0oT6xpCECWFdN2Uovut/36RJ6fA0IZwZEHaHeGHYbp8UoCrvZAXoh5MYa/hadYpsoVV13b5ZHBEJk7DuMjg=="],

    "rolldown-plugin-dts/oxc-transform/@oxc-transform/binding-linux-x64-musl": ["@oxc-transform/binding-linux-x64-musl@0.64.0", "", { "os": "linux", "cpu": "x64" }, "sha512-kxiziQsB+ic5j2SCMV0pzcesA+QFaufTmNQbQznu7XFy+sFjHHkYfS3109D40gLnNtmlaIyTHj+1Ooka7awKhA=="],

    "rolldown-plugin-dts/oxc-transform/@oxc-transform/binding-wasm32-wasi": ["@oxc-transform/binding-wasm32-wasi@0.64.0", "", { "dependencies": { "@napi-rs/wasm-runtime": "^0.2.9" }, "cpu": "none" }, "sha512-YJtTvi3DYxEZ7mIZaIEaLGL0ECCiJWHxiA9Qz2EpswbRCfXX/l7YSODs3uvG/thlCFhnzPLIM8O6tIHjpHIWYA=="],

    "rolldown-plugin-dts/oxc-transform/@oxc-transform/binding-win32-arm64-msvc": ["@oxc-transform/binding-win32-arm64-msvc@0.64.0", "", { "os": "win32", "cpu": "arm64" }, "sha512-X2gDEzZFrfM65+mc4VYBfxdVPcqcxS5RZgc+dPcz8Xc14t/pmdqMeEJDTt0zKnL6T+42kPZHdybLwpgsuBdRDA=="],

    "rolldown-plugin-dts/oxc-transform/@oxc-transform/binding-win32-x64-msvc": ["@oxc-transform/binding-win32-x64-msvc@0.64.0", "", { "os": "win32", "cpu": "x64" }, "sha512-QC2Nx0GFuUNGU5vmWgCym0TLIHFdoVvdpTWwcbZtWp8pFbQhvYms5CWmZm+wlCqAGPp5aYm2aLmp9hE8dM1c9Q=="],
  }
}
